// !$*UTF8*$!
{
	archiveVersion = 1;
	classes = {
	};
	objectVersion = 48;
	objects = {

/* Begin PBXBuildFile section */
		5F49413BE95517AD448645A7 /* Pods_Instagram_Firebase_Course.framework in Frameworks */ = {isa = PBXBuildFile; fileRef = BC15C8171C21E553DB5A400B /* Pods_Instagram_Firebase_Course.framework */; };
		BC0B5D8F201D3E0A005377AB /* GoogleService-Info.plist in Resources */ = {isa = PBXBuildFile; fileRef = BC0B5D8E201D3E09005377AB /* GoogleService-Info.plist */; };
		BC5D9547202731250009EBA7 /* SharePhotoController.swift in Sources */ = {isa = PBXBuildFile; fileRef = BC5D9546202731250009EBA7 /* SharePhotoController.swift */; };
		BC85A079202BA3F0001B1558 /* UserProfilePhotoCell.swift in Sources */ = {isa = PBXBuildFile; fileRef = BC85A078202BA3F0001B1558 /* UserProfilePhotoCell.swift */; };
		BC85A07C202C6FB4001B1558 /* CustomImageView.swift in Sources */ = {isa = PBXBuildFile; fileRef = BC85A07B202C6FB4001B1558 /* CustomImageView.swift */; };
		BC85A07F202C9524001B1558 /* HomeController.swift in Sources */ = {isa = PBXBuildFile; fileRef = BC85A07E202C9524001B1558 /* HomeController.swift */; };
		BC85A081202C9803001B1558 /* HomePostCell.swift in Sources */ = {isa = PBXBuildFile; fileRef = BC85A080202C9803001B1558 /* HomePostCell.swift */; };
		BC9F6B1A202DE3C2008BF04E /* Database+Extension.swift in Sources */ = {isa = PBXBuildFile; fileRef = BC9F6B19202DE3C2008BF04E /* Database+Extension.swift */; };
		BC9F6B1D202DF97C008BF04E /* UserSearchController.swift in Sources */ = {isa = PBXBuildFile; fileRef = BC9F6B1C202DF97C008BF04E /* UserSearchController.swift */; };
		BC9F6B1F202E0DE8008BF04E /* UserSearchCell.swift in Sources */ = {isa = PBXBuildFile; fileRef = BC9F6B1E202E0DE8008BF04E /* UserSearchCell.swift */; };
		BC9FA8E720276086005C8782 /* Post.swift in Sources */ = {isa = PBXBuildFile; fileRef = BC9FA8E620276086005C8782 /* Post.swift */; };
		BCB2850A201BE35B00A10473 /* UITextField+Extension.swift in Sources */ = {isa = PBXBuildFile; fileRef = BCB28509201BE35B00A10473 /* UITextField+Extension.swift */; };
		BCB28513201CB1C600A10473 /* UIColor+Extension.swift in Sources */ = {isa = PBXBuildFile; fileRef = BCB28512201CB1C600A10473 /* UIColor+Extension.swift */; };
		BCB28515201CB96A00A10473 /* UIView+Extension.swift in Sources */ = {isa = PBXBuildFile; fileRef = BCB28514201CB96A00A10473 /* UIView+Extension.swift */; };
		BCBF473B2024E27300BEF010 /* PhotoSelectorController.swift in Sources */ = {isa = PBXBuildFile; fileRef = BCBF473A2024E27300BEF010 /* PhotoSelectorController.swift */; };
		BCBF473D2024F76700BEF010 /* PhotoSelectorCell.swift in Sources */ = {isa = PBXBuildFile; fileRef = BCBF473C2024F76700BEF010 /* PhotoSelectorCell.swift */; };
		BCDE0C3D201BB92D00932EEC /* AppDelegate.swift in Sources */ = {isa = PBXBuildFile; fileRef = BCDE0C3C201BB92D00932EEC /* AppDelegate.swift */; };
		BCDE0C3F201BB92D00932EEC /* SignUpController.swift in Sources */ = {isa = PBXBuildFile; fileRef = BCDE0C3E201BB92D00932EEC /* SignUpController.swift */; };
		BCDE0C42201BB92D00932EEC /* Main.storyboard in Resources */ = {isa = PBXBuildFile; fileRef = BCDE0C40201BB92D00932EEC /* Main.storyboard */; };
		BCDE0C44201BB92D00932EEC /* Assets.xcassets in Resources */ = {isa = PBXBuildFile; fileRef = BCDE0C43201BB92D00932EEC /* Assets.xcassets */; };
		BCDE0C47201BB92D00932EEC /* LaunchScreen.storyboard in Resources */ = {isa = PBXBuildFile; fileRef = BCDE0C45201BB92D00932EEC /* LaunchScreen.storyboard */; };
		BCDE7E432030B10B00D705C1 /* Date+Extension.swift in Sources */ = {isa = PBXBuildFile; fileRef = BCDE7E422030B10B00D705C1 /* Date+Extension.swift */; };
		BCF96AAB2021EA2B00E18434 /* MainTabBarController.swift in Sources */ = {isa = PBXBuildFile; fileRef = BCF96AAA2021EA2B00E18434 /* MainTabBarController.swift */; };
		BCF96AAD2021EB4D00E18434 /* UserProfileController.swift in Sources */ = {isa = PBXBuildFile; fileRef = BCF96AAC2021EB4D00E18434 /* UserProfileController.swift */; };
		BCF96AAF20220A7300E18434 /* UserProfileHeader.swift in Sources */ = {isa = PBXBuildFile; fileRef = BCF96AAE20220A7300E18434 /* UserProfileHeader.swift */; };
		BCF96AB22022159C00E18434 /* User.swift in Sources */ = {isa = PBXBuildFile; fileRef = BCF96AB12022159C00E18434 /* User.swift */; };
		BCF96AB620236F5500E18434 /* LoginController.swift in Sources */ = {isa = PBXBuildFile; fileRef = BCF96AB520236F5500E18434 /* LoginController.swift */; };
		BCFA25C820264D570092BD20 /* PhotoSelectorHeader.swift in Sources */ = {isa = PBXBuildFile; fileRef = BCFA25C720264D570092BD20 /* PhotoSelectorHeader.swift */; };
/* End PBXBuildFile section */

/* Begin PBXFileReference section */
		06FBA28592087AAD18CEE7A6 /* Pods-Instagram-Firebase-Course.release.xcconfig */ = {isa = PBXFileReference; includeInIndex = 1; lastKnownFileType = text.xcconfig; name = "Pods-Instagram-Firebase-Course.release.xcconfig"; path = "Pods/Target Support Files/Pods-Instagram-Firebase-Course/Pods-Instagram-Firebase-Course.release.xcconfig"; sourceTree = "<group>"; };
		BC0B5D8E201D3E09005377AB /* GoogleService-Info.plist */ = {isa = PBXFileReference; fileEncoding = 4; lastKnownFileType = text.plist.xml; path = "GoogleService-Info.plist"; sourceTree = "<group>"; };
		BC15C8171C21E553DB5A400B /* Pods_Instagram_Firebase_Course.framework */ = {isa = PBXFileReference; explicitFileType = wrapper.framework; includeInIndex = 0; path = Pods_Instagram_Firebase_Course.framework; sourceTree = BUILT_PRODUCTS_DIR; };
		BC5D9546202731250009EBA7 /* SharePhotoController.swift */ = {isa = PBXFileReference; lastKnownFileType = sourcecode.swift; path = SharePhotoController.swift; sourceTree = "<group>"; };
		BC85A078202BA3F0001B1558 /* UserProfilePhotoCell.swift */ = {isa = PBXFileReference; lastKnownFileType = sourcecode.swift; path = UserProfilePhotoCell.swift; sourceTree = "<group>"; };
		BC85A07B202C6FB4001B1558 /* CustomImageView.swift */ = {isa = PBXFileReference; lastKnownFileType = sourcecode.swift; path = CustomImageView.swift; sourceTree = "<group>"; };
		BC85A07E202C9524001B1558 /* HomeController.swift */ = {isa = PBXFileReference; lastKnownFileType = sourcecode.swift; path = HomeController.swift; sourceTree = "<group>"; };
		BC85A080202C9803001B1558 /* HomePostCell.swift */ = {isa = PBXFileReference; lastKnownFileType = sourcecode.swift; path = HomePostCell.swift; sourceTree = "<group>"; };
		BC9F6B19202DE3C2008BF04E /* Database+Extension.swift */ = {isa = PBXFileReference; lastKnownFileType = sourcecode.swift; path = "Database+Extension.swift"; sourceTree = "<group>"; };
		BC9F6B1C202DF97C008BF04E /* UserSearchController.swift */ = {isa = PBXFileReference; lastKnownFileType = sourcecode.swift; path = UserSearchController.swift; sourceTree = "<group>"; };
		BC9F6B1E202E0DE8008BF04E /* UserSearchCell.swift */ = {isa = PBXFileReference; lastKnownFileType = sourcecode.swift; path = UserSearchCell.swift; sourceTree = "<group>"; };
		BC9FA8E620276086005C8782 /* Post.swift */ = {isa = PBXFileReference; lastKnownFileType = sourcecode.swift; path = Post.swift; sourceTree = "<group>"; };
		BCB28509201BE35B00A10473 /* UITextField+Extension.swift */ = {isa = PBXFileReference; lastKnownFileType = sourcecode.swift; path = "UITextField+Extension.swift"; sourceTree = "<group>"; };
		BCB28512201CB1C600A10473 /* UIColor+Extension.swift */ = {isa = PBXFileReference; lastKnownFileType = sourcecode.swift; path = "UIColor+Extension.swift"; sourceTree = "<group>"; };
		BCB28514201CB96A00A10473 /* UIView+Extension.swift */ = {isa = PBXFileReference; lastKnownFileType = sourcecode.swift; path = "UIView+Extension.swift"; sourceTree = "<group>"; };
		BCBF473A2024E27300BEF010 /* PhotoSelectorController.swift */ = {isa = PBXFileReference; lastKnownFileType = sourcecode.swift; path = PhotoSelectorController.swift; sourceTree = "<group>"; };
		BCBF473C2024F76700BEF010 /* PhotoSelectorCell.swift */ = {isa = PBXFileReference; lastKnownFileType = sourcecode.swift; path = PhotoSelectorCell.swift; sourceTree = "<group>"; };
		BCDE0C39201BB92D00932EEC /* Instagram-Firebase-Course.app */ = {isa = PBXFileReference; explicitFileType = wrapper.application; includeInIndex = 0; path = "Instagram-Firebase-Course.app"; sourceTree = BUILT_PRODUCTS_DIR; };
		BCDE0C3C201BB92D00932EEC /* AppDelegate.swift */ = {isa = PBXFileReference; lastKnownFileType = sourcecode.swift; path = AppDelegate.swift; sourceTree = "<group>"; };
		BCDE0C3E201BB92D00932EEC /* SignUpController.swift */ = {isa = PBXFileReference; lastKnownFileType = sourcecode.swift; path = SignUpController.swift; sourceTree = "<group>"; };
		BCDE0C41201BB92D00932EEC /* Base */ = {isa = PBXFileReference; lastKnownFileType = file.storyboard; name = Base; path = Base.lproj/Main.storyboard; sourceTree = "<group>"; };
		BCDE0C43201BB92D00932EEC /* Assets.xcassets */ = {isa = PBXFileReference; lastKnownFileType = folder.assetcatalog; path = Assets.xcassets; sourceTree = "<group>"; };
		BCDE0C46201BB92D00932EEC /* Base */ = {isa = PBXFileReference; lastKnownFileType = file.storyboard; name = Base; path = Base.lproj/LaunchScreen.storyboard; sourceTree = "<group>"; };
		BCDE0C48201BB92D00932EEC /* Info.plist */ = {isa = PBXFileReference; lastKnownFileType = text.plist.xml; path = Info.plist; sourceTree = "<group>"; };
		BCDE7E422030B10B00D705C1 /* Date+Extension.swift */ = {isa = PBXFileReference; lastKnownFileType = sourcecode.swift; path = "Date+Extension.swift"; sourceTree = "<group>"; };
		BCF96AAA2021EA2B00E18434 /* MainTabBarController.swift */ = {isa = PBXFileReference; lastKnownFileType = sourcecode.swift; path = MainTabBarController.swift; sourceTree = "<group>"; };
		BCF96AAC2021EB4D00E18434 /* UserProfileController.swift */ = {isa = PBXFileReference; lastKnownFileType = sourcecode.swift; path = UserProfileController.swift; sourceTree = "<group>"; };
		BCF96AAE20220A7300E18434 /* UserProfileHeader.swift */ = {isa = PBXFileReference; lastKnownFileType = sourcecode.swift; path = UserProfileHeader.swift; sourceTree = "<group>"; };
		BCF96AB12022159C00E18434 /* User.swift */ = {isa = PBXFileReference; lastKnownFileType = sourcecode.swift; path = User.swift; sourceTree = "<group>"; };
		BCF96AB520236F5500E18434 /* LoginController.swift */ = {isa = PBXFileReference; lastKnownFileType = sourcecode.swift; path = LoginController.swift; sourceTree = "<group>"; };
		BCFA25C720264D570092BD20 /* PhotoSelectorHeader.swift */ = {isa = PBXFileReference; lastKnownFileType = sourcecode.swift; path = PhotoSelectorHeader.swift; sourceTree = "<group>"; };
		F8296789AD492D8FB4BB6FD0 /* Pods-Instagram-Firebase-Course.debug.xcconfig */ = {isa = PBXFileReference; includeInIndex = 1; lastKnownFileType = text.xcconfig; name = "Pods-Instagram-Firebase-Course.debug.xcconfig"; path = "Pods/Target Support Files/Pods-Instagram-Firebase-Course/Pods-Instagram-Firebase-Course.debug.xcconfig"; sourceTree = "<group>"; };
/* End PBXFileReference section */

/* Begin PBXFrameworksBuildPhase section */
		BCDE0C36201BB92D00932EEC /* Frameworks */ = {
			isa = PBXFrameworksBuildPhase;
			buildActionMask = 2147483647;
			files = (
				5F49413BE95517AD448645A7 /* Pods_Instagram_Firebase_Course.framework in Frameworks */,
			);
			runOnlyForDeploymentPostprocessing = 0;
		};
/* End PBXFrameworksBuildPhase section */

/* Begin PBXGroup section */
		300A7CDD7FF7DC3518CE8120 /* Pods */ = {
			isa = PBXGroup;
			children = (
				F8296789AD492D8FB4BB6FD0 /* Pods-Instagram-Firebase-Course.debug.xcconfig */,
				06FBA28592087AAD18CEE7A6 /* Pods-Instagram-Firebase-Course.release.xcconfig */,
			);
			name = Pods;
			sourceTree = "<group>";
		};
		3039F4387345BFE1D6A0FBDF /* Frameworks */ = {
			isa = PBXGroup;
			children = (
				BC15C8171C21E553DB5A400B /* Pods_Instagram_Firebase_Course.framework */,
			);
			name = Frameworks;
			sourceTree = "<group>";
		};
		BC85A07A202C6FA3001B1558 /* Utils */ = {
			isa = PBXGroup;
			children = (
				BC85A07B202C6FB4001B1558 /* CustomImageView.swift */,
			);
			path = Utils;
			sourceTree = "<group>";
		};
		BC85A07D202C9515001B1558 /* Home */ = {
			isa = PBXGroup;
			children = (
				BC85A07E202C9524001B1558 /* HomeController.swift */,
				BC85A080202C9803001B1558 /* HomePostCell.swift */,
			);
			path = Home;
			sourceTree = "<group>";
		};
		BC9F6B1B202DF967008BF04E /* Search */ = {
			isa = PBXGroup;
			children = (
				BC9F6B1C202DF97C008BF04E /* UserSearchController.swift */,
				BC9F6B1E202E0DE8008BF04E /* UserSearchCell.swift */,
			);
			path = Search;
			sourceTree = "<group>";
		};
		BCB2850B201CB14D00A10473 /* Controller */ = {
			isa = PBXGroup;
			children = (
				BCF96AAA2021EA2B00E18434 /* MainTabBarController.swift */,
			);
			path = Controller;
			sourceTree = "<group>";
		};
		BCB2850E201CB16600A10473 /* Extensions */ = {
			isa = PBXGroup;
			children = (
				BCB28509201BE35B00A10473 /* UITextField+Extension.swift */,
				BCB28512201CB1C600A10473 /* UIColor+Extension.swift */,
				BCB28514201CB96A00A10473 /* UIView+Extension.swift */,
				BC9F6B19202DE3C2008BF04E /* Database+Extension.swift */,
				BCDE7E422030B10B00D705C1 /* Date+Extension.swift */,
			);
			path = Extensions;
			sourceTree = "<group>";
		};
		BCB28510201CB17A00A10473 /* Assets */ = {
			isa = PBXGroup;
			children = (
				BCDE0C43201BB92D00932EEC /* Assets.xcassets */,
			);
			path = Assets;
			sourceTree = "<group>";
		};
		BCBF47392024E25300BEF010 /* AddPhoto */ = {
			isa = PBXGroup;
			children = (
				BCBF473A2024E27300BEF010 /* PhotoSelectorController.swift */,
				BCBF473C2024F76700BEF010 /* PhotoSelectorCell.swift */,
				BCFA25C720264D570092BD20 /* PhotoSelectorHeader.swift */,
				BC5D9546202731250009EBA7 /* SharePhotoController.swift */,
			);
			path = AddPhoto;
			sourceTree = "<group>";
		};
		BCDE0C30201BB92D00932EEC = {
			isa = PBXGroup;
			children = (
				BCDE0C3B201BB92D00932EEC /* Instagram-Firebase-Course */,
				BCDE0C3A201BB92D00932EEC /* Products */,
				300A7CDD7FF7DC3518CE8120 /* Pods */,
				3039F4387345BFE1D6A0FBDF /* Frameworks */,
			);
			sourceTree = "<group>";
		};
		BCDE0C3A201BB92D00932EEC /* Products */ = {
			isa = PBXGroup;
			children = (
				BCDE0C39201BB92D00932EEC /* Instagram-Firebase-Course.app */,
			);
			name = Products;
			sourceTree = "<group>";
		};
		BCDE0C3B201BB92D00932EEC /* Instagram-Firebase-Course */ = {
			isa = PBXGroup;
			children = (
				BC9F6B1B202DF967008BF04E /* Search */,
				BC85A07D202C9515001B1558 /* Home */,
				BC85A07A202C6FA3001B1558 /* Utils */,
				BCBF47392024E25300BEF010 /* AddPhoto */,
				BCF96AB420236F4900E18434 /* Login */,
				BCF96AB320236E5500E18434 /* UserProfile */,
				BCDE0C3C201BB92D00932EEC /* AppDelegate.swift */,
				BCDE0C40201BB92D00932EEC /* Main.storyboard */,
				BCDE0C45201BB92D00932EEC /* LaunchScreen.storyboard */,
				BCDE0C48201BB92D00932EEC /* Info.plist */,
				BC0B5D8E201D3E09005377AB /* GoogleService-Info.plist */,
				BCB28510201CB17A00A10473 /* Assets */,
				BCB2850E201CB16600A10473 /* Extensions */,
				BCF96AB02022158400E18434 /* Model */,
				BCB2850B201CB14D00A10473 /* Controller */,
			);
			path = "Instagram-Firebase-Course";
			sourceTree = "<group>";
		};
		BCF96AB02022158400E18434 /* Model */ = {
			isa = PBXGroup;
			children = (
				BCF96AB12022159C00E18434 /* User.swift */,
				BC9FA8E620276086005C8782 /* Post.swift */,
			);
			path = Model;
			sourceTree = "<group>";
		};
		BCF96AB320236E5500E18434 /* UserProfile */ = {
			isa = PBXGroup;
			children = (
				BCF96AAE20220A7300E18434 /* UserProfileHeader.swift */,
				BCF96AAC2021EB4D00E18434 /* UserProfileController.swift */,
				BC85A078202BA3F0001B1558 /* UserProfilePhotoCell.swift */,
			);
			path = UserProfile;
			sourceTree = "<group>";
		};
		BCF96AB420236F4900E18434 /* Login */ = {
			isa = PBXGroup;
			children = (
				BCF96AB520236F5500E18434 /* LoginController.swift */,
				BCDE0C3E201BB92D00932EEC /* SignUpController.swift */,
			);
			path = Login;
			sourceTree = "<group>";
		};
/* End PBXGroup section */

/* Begin PBXNativeTarget section */
		BCDE0C38201BB92D00932EEC /* Instagram-Firebase-Course */ = {
			isa = PBXNativeTarget;
			buildConfigurationList = BCDE0C4B201BB92D00932EEC /* Build configuration list for PBXNativeTarget "Instagram-Firebase-Course" */;
			buildPhases = (
				ABC82594F036272F09562CF4 /* [CP] Check Pods Manifest.lock */,
				BCDE0C35201BB92D00932EEC /* Sources */,
				BCDE0C36201BB92D00932EEC /* Frameworks */,
				BCDE0C37201BB92D00932EEC /* Resources */,
				0F4E97800CC456FE8871283D /* [CP] Embed Pods Frameworks */,
				8BE129F29AC30B7F4F281103 /* [CP] Copy Pods Resources */,
			);
			buildRules = (
			);
			dependencies = (
			);
			name = "Instagram-Firebase-Course";
			productName = "Instagram-Firebase-Course";
			productReference = BCDE0C39201BB92D00932EEC /* Instagram-Firebase-Course.app */;
			productType = "com.apple.product-type.application";
		};
/* End PBXNativeTarget section */

/* Begin PBXProject section */
		BCDE0C31201BB92D00932EEC /* Project object */ = {
			isa = PBXProject;
			attributes = {
				LastSwiftUpdateCheck = 0920;
				LastUpgradeCheck = 0930;
				ORGANIZATIONNAME = "Alen Kirm";
				TargetAttributes = {
					BCDE0C38201BB92D00932EEC = {
						CreatedOnToolsVersion = 9.2;
						ProvisioningStyle = Automatic;
					};
				};
			};
			buildConfigurationList = BCDE0C34201BB92D00932EEC /* Build configuration list for PBXProject "Instagram-Firebase-Course" */;
			compatibilityVersion = "Xcode 8.0";
			developmentRegion = en;
			hasScannedForEncodings = 0;
			knownRegions = (
				en,
				Base,
			);
			mainGroup = BCDE0C30201BB92D00932EEC;
			productRefGroup = BCDE0C3A201BB92D00932EEC /* Products */;
			projectDirPath = "";
			projectRoot = "";
			targets = (
				BCDE0C38201BB92D00932EEC /* Instagram-Firebase-Course */,
			);
		};
/* End PBXProject section */

/* Begin PBXResourcesBuildPhase section */
		BCDE0C37201BB92D00932EEC /* Resources */ = {
			isa = PBXResourcesBuildPhase;
			buildActionMask = 2147483647;
			files = (
				BCDE0C47201BB92D00932EEC /* LaunchScreen.storyboard in Resources */,
				BC0B5D8F201D3E0A005377AB /* GoogleService-Info.plist in Resources */,
				BCDE0C44201BB92D00932EEC /* Assets.xcassets in Resources */,
				BCDE0C42201BB92D00932EEC /* Main.storyboard in Resources */,
			);
			runOnlyForDeploymentPostprocessing = 0;
		};
/* End PBXResourcesBuildPhase section */

/* Begin PBXShellScriptBuildPhase section */
		0F4E97800CC456FE8871283D /* [CP] Embed Pods Frameworks */ = {
			isa = PBXShellScriptBuildPhase;
			buildActionMask = 2147483647;
			files = (
			);
			inputPaths = (
				"${SRCROOT}/Pods/Target Support Files/Pods-Instagram-Firebase-Course/Pods-Instagram-Firebase-Course-frameworks.sh",
				"${BUILT_PRODUCTS_DIR}/GTMSessionFetcher/GTMSessionFetcher.framework",
				"${BUILT_PRODUCTS_DIR}/GoogleToolboxForMac/GoogleToolboxForMac.framework",
				"${BUILT_PRODUCTS_DIR}/leveldb-library/leveldb.framework",
				"${BUILT_PRODUCTS_DIR}/nanopb/nanopb.framework",
			);
			name = "[CP] Embed Pods Frameworks";
			outputPaths = (
				"${TARGET_BUILD_DIR}/${FRAMEWORKS_FOLDER_PATH}/GTMSessionFetcher.framework",
				"${TARGET_BUILD_DIR}/${FRAMEWORKS_FOLDER_PATH}/GoogleToolboxForMac.framework",
				"${TARGET_BUILD_DIR}/${FRAMEWORKS_FOLDER_PATH}/leveldb.framework",
				"${TARGET_BUILD_DIR}/${FRAMEWORKS_FOLDER_PATH}/nanopb.framework",
			);
			runOnlyForDeploymentPostprocessing = 0;
			shellPath = /bin/sh;
			shellScript = "\"${SRCROOT}/Pods/Target Support Files/Pods-Instagram-Firebase-Course/Pods-Instagram-Firebase-Course-frameworks.sh\"\n";
			showEnvVarsInLog = 0;
		};
		8BE129F29AC30B7F4F281103 /* [CP] Copy Pods Resources */ = {
			isa = PBXShellScriptBuildPhase;
			buildActionMask = 2147483647;
			files = (
			);
			inputPaths = (
			);
			name = "[CP] Copy Pods Resources";
			outputPaths = (
			);
			runOnlyForDeploymentPostprocessing = 0;
			shellPath = /bin/sh;
			shellScript = "\"${SRCROOT}/Pods/Target Support Files/Pods-Instagram-Firebase-Course/Pods-Instagram-Firebase-Course-resources.sh\"\n";
			showEnvVarsInLog = 0;
		};
		ABC82594F036272F09562CF4 /* [CP] Check Pods Manifest.lock */ = {
			isa = PBXShellScriptBuildPhase;
			buildActionMask = 2147483647;
			files = (
			);
			inputPaths = (
				"${PODS_PODFILE_DIR_PATH}/Podfile.lock",
				"${PODS_ROOT}/Manifest.lock",
			);
			name = "[CP] Check Pods Manifest.lock";
			outputPaths = (
				"$(DERIVED_FILE_DIR)/Pods-Instagram-Firebase-Course-checkManifestLockResult.txt",
			);
			runOnlyForDeploymentPostprocessing = 0;
			shellPath = /bin/sh;
			shellScript = "diff \"${PODS_PODFILE_DIR_PATH}/Podfile.lock\" \"${PODS_ROOT}/Manifest.lock\" > /dev/null\nif [ $? != 0 ] ; then\n    # print error to STDERR\n    echo \"error: The sandbox is not in sync with the Podfile.lock. Run 'pod install' or update your CocoaPods installation.\" >&2\n    exit 1\nfi\n# This output is used by Xcode 'outputs' to avoid re-running this script phase.\necho \"SUCCESS\" > \"${SCRIPT_OUTPUT_FILE_0}\"\n";
			showEnvVarsInLog = 0;
		};
/* End PBXShellScriptBuildPhase section */

/* Begin PBXSourcesBuildPhase section */
		BCDE0C35201BB92D00932EEC /* Sources */ = {
			isa = PBXSourcesBuildPhase;
			buildActionMask = 2147483647;
			files = (
				BCB2850A201BE35B00A10473 /* UITextField+Extension.swift in Sources */,
				BCBF473D2024F76700BEF010 /* PhotoSelectorCell.swift in Sources */,
				BCDE0C3F201BB92D00932EEC /* SignUpController.swift in Sources */,
				BCF96AAB2021EA2B00E18434 /* MainTabBarController.swift in Sources */,
				BC5D9547202731250009EBA7 /* SharePhotoController.swift in Sources */,
				BCF96AAF20220A7300E18434 /* UserProfileHeader.swift in Sources */,
				BCDE7E432030B10B00D705C1 /* Date+Extension.swift in Sources */,
				BCDE0C3D201BB92D00932EEC /* AppDelegate.swift in Sources */,
				BC9F6B1D202DF97C008BF04E /* UserSearchController.swift in Sources */,
				BC9F6B1F202E0DE8008BF04E /* UserSearchCell.swift in Sources */,
				BCF96AB22022159C00E18434 /* User.swift in Sources */,
				BCF96AAD2021EB4D00E18434 /* UserProfileController.swift in Sources */,
				BC9FA8E720276086005C8782 /* Post.swift in Sources */,
				BCB28515201CB96A00A10473 /* UIView+Extension.swift in Sources */,
				BCFA25C820264D570092BD20 /* PhotoSelectorHeader.swift in Sources */,
				BC9F6B1A202DE3C2008BF04E /* Database+Extension.swift in Sources */,
				BC85A079202BA3F0001B1558 /* UserProfilePhotoCell.swift in Sources */,
				BCBF473B2024E27300BEF010 /* PhotoSelectorController.swift in Sources */,
				BC85A07F202C9524001B1558 /* HomeController.swift in Sources */,
				BCB28513201CB1C600A10473 /* UIColor+Extension.swift in Sources */,
				BC85A081202C9803001B1558 /* HomePostCell.swift in Sources */,
				BC85A07C202C6FB4001B1558 /* CustomImageView.swift in Sources */,
				BCF96AB620236F5500E18434 /* LoginController.swift in Sources */,
			);
			runOnlyForDeploymentPostprocessing = 0;
		};
/* End PBXSourcesBuildPhase section */

/* Begin PBXVariantGroup section */
		BCDE0C40201BB92D00932EEC /* Main.storyboard */ = {
			isa = PBXVariantGroup;
			children = (
				BCDE0C41201BB92D00932EEC /* Base */,
			);
			name = Main.storyboard;
			sourceTree = "<group>";
		};
		BCDE0C45201BB92D00932EEC /* LaunchScreen.storyboard */ = {
			isa = PBXVariantGroup;
			children = (
				BCDE0C46201BB92D00932EEC /* Base */,
			);
			name = LaunchScreen.storyboard;
			sourceTree = "<group>";
		};
/* End PBXVariantGroup section */

/* Begin XCBuildConfiguration section */
		BCDE0C49201BB92D00932EEC /* Debug */ = {
			isa = XCBuildConfiguration;
			buildSettings = {
				ALWAYS_SEARCH_USER_PATHS = NO;
				CLANG_ANALYZER_NONNULL = YES;
				CLANG_ANALYZER_NUMBER_OBJECT_CONVERSION = YES_AGGRESSIVE;
				CLANG_CXX_LANGUAGE_STANDARD = "gnu++14";
				CLANG_CXX_LIBRARY = "libc++";
				CLANG_ENABLE_MODULES = YES;
				CLANG_ENABLE_OBJC_ARC = YES;
				CLANG_WARN_BLOCK_CAPTURE_AUTORELEASING = YES;
				CLANG_WARN_BOOL_CONVERSION = YES;
				CLANG_WARN_COMMA = YES;
				CLANG_WARN_CONSTANT_CONVERSION = YES;
				CLANG_WARN_DEPRECATED_OBJC_IMPLEMENTATIONS = YES;
				CLANG_WARN_DIRECT_OBJC_ISA_USAGE = YES_ERROR;
				CLANG_WARN_DOCUMENTATION_COMMENTS = YES;
				CLANG_WARN_EMPTY_BODY = YES;
				CLANG_WARN_ENUM_CONVERSION = YES;
				CLANG_WARN_INFINITE_RECURSION = YES;
				CLANG_WARN_INT_CONVERSION = YES;
				CLANG_WARN_NON_LITERAL_NULL_CONVERSION = YES;
				CLANG_WARN_OBJC_IMPLICIT_RETAIN_SELF = YES;
				CLANG_WARN_OBJC_LITERAL_CONVERSION = YES;
				CLANG_WARN_OBJC_ROOT_CLASS = YES_ERROR;
				CLANG_WARN_RANGE_LOOP_ANALYSIS = YES;
				CLANG_WARN_STRICT_PROTOTYPES = YES;
				CLANG_WARN_SUSPICIOUS_MOVE = YES;
				CLANG_WARN_UNGUARDED_AVAILABILITY = YES_AGGRESSIVE;
				CLANG_WARN_UNREACHABLE_CODE = YES;
				CLANG_WARN__DUPLICATE_METHOD_MATCH = YES;
				CODE_SIGN_IDENTITY = "iPhone Developer";
				COPY_PHASE_STRIP = NO;
				DEBUG_INFORMATION_FORMAT = dwarf;
				ENABLE_STRICT_OBJC_MSGSEND = YES;
				ENABLE_TESTABILITY = YES;
				GCC_C_LANGUAGE_STANDARD = gnu11;
				GCC_DYNAMIC_NO_PIC = NO;
				GCC_NO_COMMON_BLOCKS = YES;
				GCC_OPTIMIZATION_LEVEL = 0;
				GCC_PREPROCESSOR_DEFINITIONS = (
					"DEBUG=1",
					"$(inherited)",
				);
				GCC_WARN_64_TO_32_BIT_CONVERSION = YES;
				GCC_WARN_ABOUT_RETURN_TYPE = YES_ERROR;
				GCC_WARN_UNDECLARED_SELECTOR = YES;
				GCC_WARN_UNINITIALIZED_AUTOS = YES_AGGRESSIVE;
				GCC_WARN_UNUSED_FUNCTION = YES;
				GCC_WARN_UNUSED_VARIABLE = YES;
				IPHONEOS_DEPLOYMENT_TARGET = 11.2;
				MTL_ENABLE_DEBUG_INFO = YES;
				ONLY_ACTIVE_ARCH = YES;
				SDKROOT = iphoneos;
				SWIFT_ACTIVE_COMPILATION_CONDITIONS = DEBUG;
				SWIFT_OPTIMIZATION_LEVEL = "-Onone";
			};
			name = Debug;
		};
		BCDE0C4A201BB92D00932EEC /* Release */ = {
			isa = XCBuildConfiguration;
			buildSettings = {
				ALWAYS_SEARCH_USER_PATHS = NO;
				CLANG_ANALYZER_NONNULL = YES;
				CLANG_ANALYZER_NUMBER_OBJECT_CONVERSION = YES_AGGRESSIVE;
				CLANG_CXX_LANGUAGE_STANDARD = "gnu++14";
				CLANG_CXX_LIBRARY = "libc++";
				CLANG_ENABLE_MODULES = YES;
				CLANG_ENABLE_OBJC_ARC = YES;
				CLANG_WARN_BLOCK_CAPTURE_AUTORELEASING = YES;
				CLANG_WARN_BOOL_CONVERSION = YES;
				CLANG_WARN_COMMA = YES;
				CLANG_WARN_CONSTANT_CONVERSION = YES;
				CLANG_WARN_DEPRECATED_OBJC_IMPLEMENTATIONS = YES;
				CLANG_WARN_DIRECT_OBJC_ISA_USAGE = YES_ERROR;
				CLANG_WARN_DOCUMENTATION_COMMENTS = YES;
				CLANG_WARN_EMPTY_BODY = YES;
				CLANG_WARN_ENUM_CONVERSION = YES;
				CLANG_WARN_INFINITE_RECURSION = YES;
				CLANG_WARN_INT_CONVERSION = YES;
				CLANG_WARN_NON_LITERAL_NULL_CONVERSION = YES;
				CLANG_WARN_OBJC_IMPLICIT_RETAIN_SELF = YES;
				CLANG_WARN_OBJC_LITERAL_CONVERSION = YES;
				CLANG_WARN_OBJC_ROOT_CLASS = YES_ERROR;
				CLANG_WARN_RANGE_LOOP_ANALYSIS = YES;
				CLANG_WARN_STRICT_PROTOTYPES = YES;
				CLANG_WARN_SUSPICIOUS_MOVE = YES;
				CLANG_WARN_UNGUARDED_AVAILABILITY = YES_AGGRESSIVE;
				CLANG_WARN_UNREACHABLE_CODE = YES;
				CLANG_WARN__DUPLICATE_METHOD_MATCH = YES;
				CODE_SIGN_IDENTITY = "iPhone Developer";
				COPY_PHASE_STRIP = NO;
				DEBUG_INFORMATION_FORMAT = "dwarf-with-dsym";
				ENABLE_NS_ASSERTIONS = NO;
				ENABLE_STRICT_OBJC_MSGSEND = YES;
				GCC_C_LANGUAGE_STANDARD = gnu11;
				GCC_NO_COMMON_BLOCKS = YES;
				GCC_WARN_64_TO_32_BIT_CONVERSION = YES;
				GCC_WARN_ABOUT_RETURN_TYPE = YES_ERROR;
				GCC_WARN_UNDECLARED_SELECTOR = YES;
				GCC_WARN_UNINITIALIZED_AUTOS = YES_AGGRESSIVE;
				GCC_WARN_UNUSED_FUNCTION = YES;
				GCC_WARN_UNUSED_VARIABLE = YES;
				IPHONEOS_DEPLOYMENT_TARGET = 11.2;
				MTL_ENABLE_DEBUG_INFO = NO;
				SDKROOT = iphoneos;
				SWIFT_COMPILATION_MODE = wholemodule;
				SWIFT_OPTIMIZATION_LEVEL = "-Owholemodule";
				VALIDATE_PRODUCT = YES;
			};
			name = Release;
		};
		BCDE0C4C201BB92D00932EEC /* Debug */ = {
			isa = XCBuildConfiguration;
			baseConfigurationReference = F8296789AD492D8FB4BB6FD0 /* Pods-Instagram-Firebase-Course.debug.xcconfig */;
			buildSettings = {
				ASSETCATALOG_COMPILER_APPICON_NAME = AppIcon;
				CLANG_ENABLE_OBJC_WEAK = YES;
				CODE_SIGN_STYLE = Automatic;
				DEVELOPMENT_TEAM = 45KWM69QJR;
				INFOPLIST_FILE = "Instagram-Firebase-Course/Info.plist";
				LD_RUNPATH_SEARCH_PATHS = "$(inherited) @executable_path/Frameworks";
				PRODUCT_BUNDLE_IDENTIFIER = "com.alenkirm.Instagram-Firebase-Course";
				PRODUCT_NAME = "$(TARGET_NAME)";
				SWIFT_VERSION = 4.0;
				TARGETED_DEVICE_FAMILY = "1,2";
			};
			name = Debug;
		};
		BCDE0C4D201BB92D00932EEC /* Release */ = {
			isa = XCBuildConfiguration;
			baseConfigurationReference = 06FBA28592087AAD18CEE7A6 /* Pods-Instagram-Firebase-Course.release.xcconfig */;
			buildSettings = {
				ASSETCATALOG_COMPILER_APPICON_NAME = AppIcon;
				CLANG_ENABLE_OBJC_WEAK = YES;
				CODE_SIGN_STYLE = Automatic;
				DEVELOPMENT_TEAM = 45KWM69QJR;
				INFOPLIST_FILE = "Instagram-Firebase-Course/Info.plist";
				LD_RUNPATH_SEARCH_PATHS = "$(inherited) @executable_path/Frameworks";
				PRODUCT_BUNDLE_IDENTIFIER = "com.alenkirm.Instagram-Firebase-Course";
				PRODUCT_NAME = "$(TARGET_NAME)";
				SWIFT_VERSION = 4.0;
				TARGETED_DEVICE_FAMILY = "1,2";
			};
			name = Release;
		};
/* End XCBuildConfiguration section */

/* Begin XCConfigurationList section */
		BCDE0C34201BB92D00932EEC /* Build configuration list for PBXProject "Instagram-Firebase-Course" */ = {
			isa = XCConfigurationList;
			buildConfigurations = (
				BCDE0C49201BB92D00932EEC /* Debug */,
				BCDE0C4A201BB92D00932EEC /* Release */,
			);
			defaultConfigurationIsVisible = 0;
			defaultConfigurationName = Release;
		};
		BCDE0C4B201BB92D00932EEC /* Build configuration list for PBXNativeTarget "Instagram-Firebase-Course" */ = {
			isa = XCConfigurationList;
			buildConfigurations = (
				BCDE0C4C201BB92D00932EEC /* Debug */,
				BCDE0C4D201BB92D00932EEC /* Release */,
			);
			defaultConfigurationIsVisible = 0;
			defaultConfigurationName = Release;
		};
/* End XCConfigurationList section */
	};
	rootObject = BCDE0C31201BB92D00932EEC /* Project object */;
}
