// !$*UTF8*$!
{
	archiveVersion = 1;
	classes = {
	};
	objectVersion = 48;
	objects = {

/* Begin PBXBuildFile section */
		BCDE0C3D201BB92D00932EEC /* AppDelegate.swift in Sources */ = {isa = PBXBuildFile; fileRef = BCDE0C3C201BB92D00932EEC /* AppDelegate.swift */; };
		BCDE0C3F201BB92D00932EEC /* ViewController.swift in Sources */ = {isa = PBXBuildFile; fileRef = BCDE0C3E201BB92D00932EEC /* ViewController.swift */; };
		BCDE0C42201BB92D00932EEC /* Main.storyboard in Resources */ = {isa = PBXBuildFile; fileRef = BCDE0C40201BB92D00932EEC /* Main.storyboard */; };
		BCDE0C44201BB92D00932EEC /* Assets.xcassets in Resources */ = {isa = PBXBuildFile; fileRef = BCDE0C43201BB92D00932EEC /* Assets.xcassets */; };
		BCDE0C47201BB92D00932EEC /* LaunchScreen.storyboard in Resources */ = {isa = PBXBuildFile; fileRef = BCDE0C45201BB92D00932EEC /* LaunchScreen.storyboard */; };
/* End PBXBuildFile section */

/* Begin PBXFileReference section */
		BCDE0C39201BB92D00932EEC /* Instagram-Firebase-Course.app */ = {isa = PBXFileReference; explicitFileType = wrapper.application; includeInIndex = 0; path = "Instagram-Firebase-Course.app"; sourceTree = BUILT_PRODUCTS_DIR; };
		BCDE0C3C201BB92D00932EEC /* AppDelegate.swift */ = {isa = PBXFileReference; lastKnownFileType = sourcecode.swift; path = AppDelegate.swift; sourceTree = "<group>"; };
		BCDE0C3E201BB92D00932EEC /* ViewController.swift */ = {isa = PBXFileReference; lastKnownFileType = sourcecode.swift; path = ViewController.swift; sourceTree = "<group>"; };
		BCDE0C41201BB92D00932EEC /* Base */ = {isa = PBXFileReference; lastKnownFileType = file.storyboard; name = Base; path = Base.lproj/Main.storyboard; sourceTree = "<group>"; };
		BCDE0C43201BB92D00932EEC /* Assets.xcassets */ = {isa = PBXFileReference; lastKnownFileType = folder.assetcatalog; path = Assets.xcassets; sourceTree = "<group>"; };
		BCDE0C46201BB92D00932EEC /* Base */ = {isa = PBXFileReference; lastKnownFileType = file.storyboard; name = Base; path = Base.lproj/LaunchScreen.storyboard; sourceTree = "<group>"; };
		BCDE0C48201BB92D00932EEC /* Info.plist */ = {isa = PBXFileReference; lastKnownFileType = text.plist.xml; path = Info.plist; sourceTree = "<group>"; };
/* End PBXFileReference section */

/* Begin PBXFrameworksBuildPhase section */
		BCDE0C36201BB92D00932EEC /* Frameworks */ = {
			isa = PBXFrameworksBuildPhase;
			buildActionMask = 2147483647;
			files = (
			);
			runOnlyForDeploymentPostprocessing = 0;
		};
/* End PBXFrameworksBuildPhase section */

/* Begin PBXGroup section */
		BCDE0C30201BB92D00932EEC = {
			isa = PBXGroup;
			children = (
				BCDE0C3B201BB92D00932EEC /* Instagram-Firebase-Course */,
				BCDE0C3A201BB92D00932EEC /* Products */,
			);
			sourceTree = "<group>";
		};
		BCDE0C3A201BB92D00932EEC /* Products */ = {
			isa = PBXGroup;
			children = (
				BCDE0C39201BB92D00932EEC /* Instagram-Firebase-Course.app */,
			);
			name = Products;
			sourceTree = "<group>";
		};
		BCDE0C3B201BB92D00932EEC /* Instagram-Firebase-Course */ = {
			isa = PBXGroup;
			children = (
				BCDE0C3C201BB92D00932EEC /* AppDelegate.swift */,
				BCDE0C3E201BB92D00932EEC /* ViewController.swift */,
				BCDE0C40201BB92D00932EEC /* Main.storyboard */,
				BCDE0C43201BB92D00932EEC /* Assets.xcassets */,
				BCDE0C45201BB92D00932EEC /* LaunchScreen.storyboard */,
				BCDE0C48201BB92D00932EEC /* Info.plist */,
			);
			path = "Instagram-Firebase-Course";
			sourceTree = "<group>";
		};
/* End PBXGroup section */

/* Begin PBXNativeTarget section */
		BCDE0C38201BB92D00932EEC /* Instagram-Firebase-Course */ = {
			isa = PBXNativeTarget;
			buildConfigurationList = BCDE0C4B201BB92D00932EEC /* Build configuration list for PBXNativeTarget "Instagram-Firebase-Course" */;
			buildPhases = (
				BCDE0C35201BB92D00932EEC /* Sources */,
				BCDE0C36201BB92D00932EEC /* Frameworks */,
				BCDE0C37201BB92D00932EEC /* Resources */,
			);
			buildRules = (
			);
			dependencies = (
			);
			name = "Instagram-Firebase-Course";
			productName = "Instagram-Firebase-Course";
			productReference = BCDE0C39201BB92D00932EEC /* Instagram-Firebase-Course.app */;
			productType = "com.apple.product-type.application";
		};
/* End PBXNativeTarget section */

/* Begin PBXProject section */
		BCDE0C31201BB92D00932EEC /* Project object */ = {
			isa = PBXProject;
			attributes = {
				LastSwiftUpdateCheck = 0920;
				LastUpgradeCheck = 0920;
				ORGANIZATIONNAME = "Alen Kirm";
				TargetAttributes = {
					BCDE0C38201BB92D00932EEC = {
						CreatedOnToolsVersion = 9.2;
						ProvisioningStyle = Automatic;
					};
				};
			};
			buildConfigurationList = BCDE0C34201BB92D00932EEC /* Build configuration list for PBXProject "Instagram-Firebase-Course" */;
			compatibilityVersion = "Xcode 8.0";
			developmentRegion = en;
			hasScannedForEncodings = 0;
			knownRegions = (
				en,
				Base,
			);
			mainGroup = BCDE0C30201BB92D00932EEC;
			productRefGroup = BCDE0C3A201BB92D00932EEC /* Products */;
			projectDirPath = "";
			projectRoot = "";
			targets = (
				BCDE0C38201BB92D00932EEC /* Instagram-Firebase-Course */,
			);
		};
/* End PBXProject section */

/* Begin PBXResourcesBuildPhase section */
		BCDE0C37201BB92D00932EEC /* Resources */ = {
			isa = PBXResourcesBuildPhase;
			buildActionMask = 2147483647;
			files = (
				BCDE0C47201BB92D00932EEC /* LaunchScreen.storyboard in Resources */,
				BCDE0C44201BB92D00932EEC /* Assets.xcassets in Resources */,
				BCDE0C42201BB92D00932EEC /* Main.storyboard in Resources */,
			);
			runOnlyForDeploymentPostprocessing = 0;
		};
/* End PBXResourcesBuildPhase section */

/* Begin PBXSourcesBuildPhase section */
		BCDE0C35201BB92D00932EEC /* Sources */ = {
			isa = PBXSourcesBuildPhase;
			buildActionMask = 2147483647;
			files = (
				BCDE0C3F201BB92D00932EEC /* ViewController.swift in Sources */,
				BCDE0C3D201BB92D00932EEC /* AppDelegate.swift in Sources */,
			);
			runOnlyForDeploymentPostprocessing = 0;
		};
/* End PBXSourcesBuildPhase section */

/* Begin PBXVariantGroup section */
		BCDE0C40201BB92D00932EEC /* Main.storyboard */ = {
			isa = PBXVariantGroup;
			children = (
				BCDE0C41201BB92D00932EEC /* Base */,
			);
			name = Main.storyboard;
			sourceTree = "<group>";
		};
		BCDE0C45201BB92D00932EEC /* LaunchScreen.storyboard */ = {
			isa = PBXVariantGroup;
			children = (
				BCDE0C46201BB92D00932EEC /* Base */,
			);
			name = LaunchScreen.storyboard;
			sourceTree = "<group>";
		};
/* End PBXVariantGroup section */

/* Begin XCBuildConfiguration section */
		BCDE0C49201BB92D00932EEC /* Debug */ = {
			isa = XCBuildConfiguration;
			buildSettings = {
				ALWAYS_SEARCH_USER_PATHS = NO;
				CLANG_ANALYZER_NONNULL = YES;
				CLANG_ANALYZER_NUMBER_OBJECT_CONVERSION = YES_AGGRESSIVE;
				CLANG_CXX_LANGUAGE_STANDARD = "gnu++14";
				CLANG_CXX_LIBRARY = "libc++";
				CLANG_ENABLE_MODULES = YES;
				CLANG_ENABLE_OBJC_ARC = YES;
				CLANG_WARN_BLOCK_CAPTURE_AUTORELEASING = YES;
				CLANG_WARN_BOOL_CONVERSION = YES;
				CLANG_WARN_COMMA = YES;
				CLANG_WARN_CONSTANT_CONVERSION = YES;
				CLANG_WARN_DIRECT_OBJC_ISA_USAGE = YES_ERROR;
				CLANG_WARN_DOCUMENTATION_COMMENTS = YES;
				CLANG_WARN_EMPTY_BODY = YES;
				CLANG_WARN_ENUM_CONVERSION = YES;
				CLANG_WARN_INFINITE_RECURSION = YES;
				CLANG_WARN_INT_CONVERSION = YES;
				CLANG_WARN_NON_LITERAL_NULL_CONVERSION = YES;
				CLANG_WARN_OBJC_LITERAL_CONVERSION = YES;
				CLANG_WARN_OBJC_ROOT_CLASS = YES_ERROR;
				CLANG_WARN_RANGE_LOOP_ANALYSIS = YES;
				CLANG_WARN_STRICT_PROTOTYPES = YES;
				CLANG_WARN_SUSPICIOUS_MOVE = YES;
				CLANG_WARN_UNGUARDED_AVAILABILITY = YES_AGGRESSIVE;
				CLANG_WARN_UNREACHABLE_CODE = YES;
				CLANG_WARN__DUPLICATE_METHOD_MATCH = YES;
				CODE_SIGN_IDENTITY = "iPhone Developer";
				COPY_PHASE_STRIP = NO;
				DEBUG_INFORMATION_FORMAT = dwarf;
				ENABLE_STRICT_OBJC_MSGSEND = YES;
				ENABLE_TESTABILITY = YES;
				GCC_C_LANGUAGE_STANDARD = gnu11;
				GCC_DYNAMIC_NO_PIC = NO;
				GCC_NO_COMMON_BLOCKS = YES;
				GCC_OPTIMIZATION_LEVEL = 0;
				GCC_PREPROCESSOR_DEFINITIONS = (
					"DEBUG=1",
					"$(inherited)",
				);
				GCC_WARN_64_TO_32_BIT_CONVERSION = YES;
				GCC_WARN_ABOUT_RETURN_TYPE = YES_ERROR;
				GCC_WARN_UNDECLARED_SELECTOR = YES;
				GCC_WARN_UNINITIALIZED_AUTOS = YES_AGGRESSIVE;
				GCC_WARN_UNUSED_FUNCTION = YES;
				GCC_WARN_UNUSED_VARIABLE = YES;
				IPHONEOS_DEPLOYMENT_TARGET = 11.2;
				MTL_ENABLE_DEBUG_INFO = YES;
				ONLY_ACTIVE_ARCH = YES;
				SDKROOT = iphoneos;
				SWIFT_ACTIVE_COMPILATION_CONDITIONS = DEBUG;
				SWIFT_OPTIMIZATION_LEVEL = "-Onone";
			};
			name = Debug;
		};
		BCDE0C4A201BB92D00932EEC /* Release */ = {
			isa = XCBuildConfiguration;
			buildSettings = {
				ALWAYS_SEARCH_USER_PATHS = NO;
				CLANG_ANALYZER_NONNULL = YES;
				CLANG_ANALYZER_NUMBER_OBJECT_CONVERSION = YES_AGGRESSIVE;
				CLANG_CXX_LANGUAGE_STANDARD = "gnu++14";
				CLANG_CXX_LIBRARY = "libc++";
				CLANG_ENABLE_MODULES = YES;
				CLANG_ENABLE_OBJC_ARC = YES;
				CLANG_WARN_BLOCK_CAPTURE_AUTORELEASING = YES;
				CLANG_WARN_BOOL_CONVERSION = YES;
				CLANG_WARN_COMMA = YES;
				CLANG_WARN_CONSTANT_CONVERSION = YES;
				CLANG_WARN_DIRECT_OBJC_ISA_USAGE = YES_ERROR;
				CLANG_WARN_DOCUMENTATION_COMMENTS = YES;
				CLANG_WARN_EMPTY_BODY = YES;
				CLANG_WARN_ENUM_CONVERSION = YES;
				CLANG_WARN_INFINITE_RECURSION = YES;
				CLANG_WARN_INT_CONVERSION = YES;
				CLANG_WARN_NON_LITERAL_NULL_CONVERSION = YES;
				CLANG_WARN_OBJC_LITERAL_CONVERSION = YES;
				CLANG_WARN_OBJC_ROOT_CLASS = YES_ERROR;
				CLANG_WARN_RANGE_LOOP_ANALYSIS = YES;
				CLANG_WARN_STRICT_PROTOTYPES = YES;
				CLANG_WARN_SUSPICIOUS_MOVE = YES;
				CLANG_WARN_UNGUARDED_AVAILABILITY = YES_AGGRESSIVE;
				CLANG_WARN_UNREACHABLE_CODE = YES;
				CLANG_WARN__DUPLICATE_METHOD_MATCH = YES;
				CODE_SIGN_IDENTITY = "iPhone Developer";
				COPY_PHASE_STRIP = NO;
				DEBUG_INFORMATION_FORMAT = "dwarf-with-dsym";
				ENABLE_NS_ASSERTIONS = NO;
				ENABLE_STRICT_OBJC_MSGSEND = YES;
				GCC_C_LANGUAGE_STANDARD = gnu11;
				GCC_NO_COMMON_BLOCKS = YES;
				GCC_WARN_64_TO_32_BIT_CONVERSION = YES;
				GCC_WARN_ABOUT_RETURN_TYPE = YES_ERROR;
				GCC_WARN_UNDECLARED_SELECTOR = YES;
				GCC_WARN_UNINITIALIZED_AUTOS = YES_AGGRESSIVE;
				GCC_WARN_UNUSED_FUNCTION = YES;
				GCC_WARN_UNUSED_VARIABLE = YES;
				IPHONEOS_DEPLOYMENT_TARGET = 11.2;
				MTL_ENABLE_DEBUG_INFO = NO;
				SDKROOT = iphoneos;
				SWIFT_OPTIMIZATION_LEVEL = "-Owholemodule";
				VALIDATE_PRODUCT = YES;
			};
			name = Release;
		};
		BCDE0C4C201BB92D00932EEC /* Debug */ = {
			isa = XCBuildConfiguration;
			buildSettings = {
				ASSETCATALOG_COMPILER_APPICON_NAME = AppIcon;
				CODE_SIGN_STYLE = Automatic;
				DEVELOPMENT_TEAM = 45KWM69QJR;
				INFOPLIST_FILE = "Instagram-Firebase-Course/Info.plist";
				LD_RUNPATH_SEARCH_PATHS = "$(inherited) @executable_path/Frameworks";
				PRODUCT_BUNDLE_IDENTIFIER = "com.alenkirm.Instagram-Firebase-Course";
				PRODUCT_NAME = "$(TARGET_NAME)";
				SWIFT_VERSION = 4.0;
				TARGETED_DEVICE_FAMILY = "1,2";
			};
			name = Debug;
		};
		BCDE0C4D201BB92D00932EEC /* Release */ = {
			isa = XCBuildConfiguration;
			buildSettings = {
				ASSETCATALOG_COMPILER_APPICON_NAME = AppIcon;
				CODE_SIGN_STYLE = Automatic;
				DEVELOPMENT_TEAM = 45KWM69QJR;
				INFOPLIST_FILE = "Instagram-Firebase-Course/Info.plist";
				LD_RUNPATH_SEARCH_PATHS = "$(inherited) @executable_path/Frameworks";
				PRODUCT_BUNDLE_IDENTIFIER = "com.alenkirm.Instagram-Firebase-Course";
				PRODUCT_NAME = "$(TARGET_NAME)";
				SWIFT_VERSION = 4.0;
				TARGETED_DEVICE_FAMILY = "1,2";
			};
			name = Release;
		};
/* End XCBuildConfiguration section */

/* Begin XCConfigurationList section */
		BCDE0C34201BB92D00932EEC /* Build configuration list for PBXProject "Instagram-Firebase-Course" */ = {
			isa = XCConfigurationList;
			buildConfigurations = (
				BCDE0C49201BB92D00932EEC /* Debug */,
				BCDE0C4A201BB92D00932EEC /* Release */,
			);
			defaultConfigurationIsVisible = 0;
			defaultConfigurationName = Release;
		};
		BCDE0C4B201BB92D00932EEC /* Build configuration list for PBXNativeTarget "Instagram-Firebase-Course" */ = {
			isa = XCConfigurationList;
			buildConfigurations = (
				BCDE0C4C201BB92D00932EEC /* Debug */,
				BCDE0C4D201BB92D00932EEC /* Release */,
			);
			defaultConfigurationIsVisible = 0;
			defaultConfigurationName = Release;
		};
/* End XCConfigurationList section */
	};
	rootObject = BCDE0C31201BB92D00932EEC /* Project object */;
}
